
Microsoft Visual Studio Solution File, Format Version 12.00
# Visual Studio Version 16
VisualStudioVersion = 16.0.31911.196
MinimumVisualStudioVersion = 10.0.40219.1
Project("{F184B08F-C81C-45F6-A57F-5ABD9991F28F}") = "VB_mini_project(food_app)", "VB_mini_project(food_app)\VB_mini_project(food_app).vbproj", "{B7E56FC3-AEE6-43A5-B4A3-A236B0C9F244}"
EndProject
Global
	GlobalSection(SolutionConfigurationPlatforms) = preSolution
		Debug|Any CPU = Debug|Any CPU
		Release|Any CPU = Release|Any CPU
	EndGlobalSection
	GlobalSection(ProjectConfigurationPlatforms) = postSolution
		{B7E56FC3-AEE6-43A5-B4A3-A236B0C9F244}.Debug|Any CPU.ActiveCfg = Debug|Any CPU
		{B7E56FC3-AEE6-43A5-B4A3-A236B0C9F244}.Debug|Any CPU.Build.0 = Debug|Any CPU
		{B7E56FC3-AEE6-43A5-B4A3-A236B0C9F244}.Release|Any CPU.ActiveCfg = Release|Any CPU
		{B7E56FC3-AEE6-43A5-B4A3-A236B0C9F244}.Release|Any CPU.Build.0 = Release|Any CPU
	EndGlobalSection
	GlobalSection(SolutionProperties) = preSolution
		HideSolutionNode = FALSE
	EndGlobalSection
	GlobalSection(ExtensibilityGlobals) = postSolution
		SolutionGuid = {9C1564A0-9ED1-4B2D-ADC6-DAD8271F8FA8}
	EndGlobalSection
EndGlobal
